
Microsoft Visual Studio Solution File, Format Version 12.00
# Visual Studio 15
VisualStudioVersion = 15.0.34112.143
MinimumVisualStudioVersion = 10.0.40219.1
Project("{FAE04EC0-301F-11D3-BF4B-00C04F79EFBC}") = "PWA_Proyecto2", "PWA_Proyecto2\PWA_Proyecto2.csproj", "{A317CB3B-B46F-4B09-86DE-36428290FA7D}"
EndProject
Global
	GlobalSection(SolutionConfigurationPlatforms) = preSolution
		Debug|Any CPU = Debug|Any CPU
		Release|Any CPU = Release|Any CPU
	EndGlobalSection
	GlobalSection(ProjectConfigurationPlatforms) = postSolution
		{A317CB3B-B46F-4B09-86DE-36428290FA7D}.Debug|Any CPU.ActiveCfg = Debug|Any CPU
		{A317CB3B-B46F-4B09-86DE-36428290FA7D}.Debug|Any CPU.Build.0 = Debug|Any CPU
		{A317CB3B-B46F-4B09-86DE-36428290FA7D}.Release|Any CPU.ActiveCfg = Release|Any CPU
		{A317CB3B-B46F-4B09-86DE-36428290FA7D}.Release|Any CPU.Build.0 = Release|Any CPU
	EndGlobalSection
	GlobalSection(SolutionProperties) = preSolution
		HideSolutionNode = FALSE
	EndGlobalSection
	GlobalSection(ExtensibilityGlobals) = postSolution
		SolutionGuid = {A3E80D1C-3F6C-4D60-AE4A-2B18EED1E693}
	EndGlobalSection
EndGlobal
